// !$*UTF8*$!
{
	archiveVersion = 1;
	classes = {
	};
	objectVersion = 56;
	objects = {

/* Begin PBXBuildFile section */
		043A6B0F2983CFB9005DA6A2 /* GoferApp.swift in Sources */ = {isa = PBXBuildFile; fileRef = 043A6B0E2983CFB9005DA6A2 /* GoferApp.swift */; };
		043A6B112983CFB9005DA6A2 /* ContentView.swift in Sources */ = {isa = PBXBuildFile; fileRef = 043A6B102983CFB9005DA6A2 /* ContentView.swift */; };
		043A6B132983CFBB005DA6A2 /* Assets.xcassets in Resources */ = {isa = PBXBuildFile; fileRef = 043A6B122983CFBB005DA6A2 /* Assets.xcassets */; };
		043A6B172983CFBB005DA6A2 /* Preview Assets.xcassets in Resources */ = {isa = PBXBuildFile; fileRef = 043A6B162983CFBB005DA6A2 /* Preview Assets.xcassets */; };
		043A6B212983CFBC005DA6A2 /* GoferTests.swift in Sources */ = {isa = PBXBuildFile; fileRef = 043A6B202983CFBC005DA6A2 /* GoferTests.swift */; };
		043A6B2B2983CFBC005DA6A2 /* GoferUITests.swift in Sources */ = {isa = PBXBuildFile; fileRef = 043A6B2A2983CFBC005DA6A2 /* GoferUITests.swift */; };
		043A6B2D2983CFBC005DA6A2 /* GoferUITestsLaunchTests.swift in Sources */ = {isa = PBXBuildFile; fileRef = 043A6B2C2983CFBC005DA6A2 /* GoferUITestsLaunchTests.swift */; };
/* End PBXBuildFile section */

/* Begin PBXContainerItemProxy section */
		043A6B1D2983CFBC005DA6A2 /* PBXContainerItemProxy */ = {
			isa = PBXContainerItemProxy;
			containerPortal = 043A6B032983CFB9005DA6A2 /* Project object */;
			proxyType = 1;
			remoteGlobalIDString = 043A6B0A2983CFB9005DA6A2;
			remoteInfo = Gofer;
		};
		043A6B272983CFBC005DA6A2 /* PBXContainerItemProxy */ = {
			isa = PBXContainerItemProxy;
			containerPortal = 043A6B032983CFB9005DA6A2 /* Project object */;
			proxyType = 1;
			remoteGlobalIDString = 043A6B0A2983CFB9005DA6A2;
			remoteInfo = Gofer;
		};
/* End PBXContainerItemProxy section */

/* Begin PBXFileReference section */
		043A6B0B2983CFB9005DA6A2 /* Gofer.app */ = {isa = PBXFileReference; explicitFileType = wrapper.application; includeInIndex = 0; path = Gofer.app; sourceTree = BUILT_PRODUCTS_DIR; };
		043A6B0E2983CFB9005DA6A2 /* GoferApp.swift */ = {isa = PBXFileReference; lastKnownFileType = sourcecode.swift; path = GoferApp.swift; sourceTree = "<group>"; };
		043A6B102983CFB9005DA6A2 /* ContentView.swift */ = {isa = PBXFileReference; lastKnownFileType = sourcecode.swift; path = ContentView.swift; sourceTree = "<group>"; };
		043A6B122983CFBB005DA6A2 /* Assets.xcassets */ = {isa = PBXFileReference; lastKnownFileType = folder.assetcatalog; path = Assets.xcassets; sourceTree = "<group>"; };
		043A6B142983CFBB005DA6A2 /* Gofer.entitlements */ = {isa = PBXFileReference; lastKnownFileType = text.plist.entitlements; path = Gofer.entitlements; sourceTree = "<group>"; };
		043A6B162983CFBB005DA6A2 /* Preview Assets.xcassets */ = {isa = PBXFileReference; lastKnownFileType = folder.assetcatalog; path = "Preview Assets.xcassets"; sourceTree = "<group>"; };
		043A6B1C2983CFBC005DA6A2 /* GoferTests.xctest */ = {isa = PBXFileReference; explicitFileType = wrapper.cfbundle; includeInIndex = 0; path = GoferTests.xctest; sourceTree = BUILT_PRODUCTS_DIR; };
		043A6B202983CFBC005DA6A2 /* GoferTests.swift */ = {isa = PBXFileReference; lastKnownFileType = sourcecode.swift; path = GoferTests.swift; sourceTree = "<group>"; };
		043A6B262983CFBC005DA6A2 /* GoferUITests.xctest */ = {isa = PBXFileReference; explicitFileType = wrapper.cfbundle; includeInIndex = 0; path = GoferUITests.xctest; sourceTree = BUILT_PRODUCTS_DIR; };
		043A6B2A2983CFBC005DA6A2 /* GoferUITests.swift */ = {isa = PBXFileReference; lastKnownFileType = sourcecode.swift; path = GoferUITests.swift; sourceTree = "<group>"; };
		043A6B2C2983CFBC005DA6A2 /* GoferUITestsLaunchTests.swift */ = {isa = PBXFileReference; lastKnownFileType = sourcecode.swift; path = GoferUITestsLaunchTests.swift; sourceTree = "<group>"; };
/* End PBXFileReference section */

/* Begin PBXFrameworksBuildPhase section */
		043A6B082983CFB9005DA6A2 /* Frameworks */ = {
			isa = PBXFrameworksBuildPhase;
			buildActionMask = 2147483647;
			files = (
			);
			runOnlyForDeploymentPostprocessing = 0;
		};
		043A6B192983CFBC005DA6A2 /* Frameworks */ = {
			isa = PBXFrameworksBuildPhase;
			buildActionMask = 2147483647;
			files = (
			);
			runOnlyForDeploymentPostprocessing = 0;
		};
		043A6B232983CFBC005DA6A2 /* Frameworks */ = {
			isa = PBXFrameworksBuildPhase;
			buildActionMask = 2147483647;
			files = (
			);
			runOnlyForDeploymentPostprocessing = 0;
		};
/* End PBXFrameworksBuildPhase section */

/* Begin PBXGroup section */
		043A6B022983CFB9005DA6A2 = {
			isa = PBXGroup;
			children = (
				043A6B0D2983CFB9005DA6A2 /* Gofer */,
				043A6B1F2983CFBC005DA6A2 /* GoferTests */,
				043A6B292983CFBC005DA6A2 /* GoferUITests */,
				043A6B0C2983CFB9005DA6A2 /* Products */,
			);
			sourceTree = "<group>";
		};
		043A6B0C2983CFB9005DA6A2 /* Products */ = {
			isa = PBXGroup;
			children = (
				043A6B0B2983CFB9005DA6A2 /* Gofer.app */,
				043A6B1C2983CFBC005DA6A2 /* GoferTests.xctest */,
				043A6B262983CFBC005DA6A2 /* GoferUITests.xctest */,
			);
			name = Products;
			sourceTree = "<group>";
		};
		043A6B0D2983CFB9005DA6A2 /* Gofer */ = {
			isa = PBXGroup;
			children = (
				043A6B0E2983CFB9005DA6A2 /* GoferApp.swift */,
				043A6B102983CFB9005DA6A2 /* ContentView.swift */,
				043A6B122983CFBB005DA6A2 /* Assets.xcassets */,
				043A6B142983CFBB005DA6A2 /* Gofer.entitlements */,
				043A6B152983CFBB005DA6A2 /* Preview Content */,
			);
			path = Gofer;
			sourceTree = "<group>";
		};
		043A6B152983CFBB005DA6A2 /* Preview Content */ = {
			isa = PBXGroup;
			children = (
				043A6B162983CFBB005DA6A2 /* Preview Assets.xcassets */,
			);
			path = "Preview Content";
			sourceTree = "<group>";
		};
		043A6B1F2983CFBC005DA6A2 /* GoferTests */ = {
			isa = PBXGroup;
			children = (
				043A6B202983CFBC005DA6A2 /* GoferTests.swift */,
			);
			path = GoferTests;
			sourceTree = "<group>";
		};
		043A6B292983CFBC005DA6A2 /* GoferUITests */ = {
			isa = PBXGroup;
			children = (
				043A6B2A2983CFBC005DA6A2 /* GoferUITests.swift */,
				043A6B2C2983CFBC005DA6A2 /* GoferUITestsLaunchTests.swift */,
			);
			path = GoferUITests;
			sourceTree = "<group>";
		};
/* End PBXGroup section */

/* Begin PBXNativeTarget section */
		043A6B0A2983CFB9005DA6A2 /* Gofer */ = {
			isa = PBXNativeTarget;
			buildConfigurationList = 043A6B302983CFBC005DA6A2 /* Build configuration list for PBXNativeTarget "Gofer" */;
			buildPhases = (
				043A6B072983CFB9005DA6A2 /* Sources */,
				043A6B082983CFB9005DA6A2 /* Frameworks */,
				043A6B092983CFB9005DA6A2 /* Resources */,
			);
			buildRules = (
			);
			dependencies = (
			);
			name = Gofer;
			productName = Gofer;
			productReference = 043A6B0B2983CFB9005DA6A2 /* Gofer.app */;
			productType = "com.apple.product-type.application";
		};
		043A6B1B2983CFBC005DA6A2 /* GoferTests */ = {
			isa = PBXNativeTarget;
			buildConfigurationList = 043A6B332983CFBC005DA6A2 /* Build configuration list for PBXNativeTarget "GoferTests" */;
			buildPhases = (
				043A6B182983CFBC005DA6A2 /* Sources */,
				043A6B192983CFBC005DA6A2 /* Frameworks */,
				043A6B1A2983CFBC005DA6A2 /* Resources */,
			);
			buildRules = (
			);
			dependencies = (
				043A6B1E2983CFBC005DA6A2 /* PBXTargetDependency */,
			);
			name = GoferTests;
			productName = GoferTests;
			productReference = 043A6B1C2983CFBC005DA6A2 /* GoferTests.xctest */;
			productType = "com.apple.product-type.bundle.unit-test";
		};
		043A6B252983CFBC005DA6A2 /* GoferUITests */ = {
			isa = PBXNativeTarget;
			buildConfigurationList = 043A6B362983CFBC005DA6A2 /* Build configuration list for PBXNativeTarget "GoferUITests" */;
			buildPhases = (
				043A6B222983CFBC005DA6A2 /* Sources */,
				043A6B232983CFBC005DA6A2 /* Frameworks */,
				043A6B242983CFBC005DA6A2 /* Resources */,
			);
			buildRules = (
			);
			dependencies = (
				043A6B282983CFBC005DA6A2 /* PBXTargetDependency */,
			);
			name = GoferUITests;
			productName = GoferUITests;
			productReference = 043A6B262983CFBC005DA6A2 /* GoferUITests.xctest */;
			productType = "com.apple.product-type.bundle.ui-testing";
		};
/* End PBXNativeTarget section */

/* Begin PBXProject section */
		043A6B032983CFB9005DA6A2 /* Project object */ = {
			isa = PBXProject;
			attributes = {
				BuildIndependentTargetsInParallel = 1;
				LastSwiftUpdateCheck = 1420;
				LastUpgradeCheck = 1420;
				TargetAttributes = {
					043A6B0A2983CFB9005DA6A2 = {
						CreatedOnToolsVersion = 14.2;
					};
					043A6B1B2983CFBC005DA6A2 = {
						CreatedOnToolsVersion = 14.2;
						TestTargetID = 043A6B0A2983CFB9005DA6A2;
					};
					043A6B252983CFBC005DA6A2 = {
						CreatedOnToolsVersion = 14.2;
						TestTargetID = 043A6B0A2983CFB9005DA6A2;
					};
				};
			};
			buildConfigurationList = 043A6B062983CFB9005DA6A2 /* Build configuration list for PBXProject "Gofer" */;
			compatibilityVersion = "Xcode 14.0";
			developmentRegion = en;
			hasScannedForEncodings = 0;
			knownRegions = (
				en,
				Base,
			);
			mainGroup = 043A6B022983CFB9005DA6A2;
			productRefGroup = 043A6B0C2983CFB9005DA6A2 /* Products */;
			projectDirPath = "";
			projectRoot = "";
			targets = (
				043A6B0A2983CFB9005DA6A2 /* Gofer */,
				043A6B1B2983CFBC005DA6A2 /* GoferTests */,
				043A6B252983CFBC005DA6A2 /* GoferUITests */,
			);
		};
/* End PBXProject section */

/* Begin PBXResourcesBuildPhase section */
		043A6B092983CFB9005DA6A2 /* Resources */ = {
			isa = PBXResourcesBuildPhase;
			buildActionMask = 2147483647;
			files = (
				043A6B172983CFBB005DA6A2 /* Preview Assets.xcassets in Resources */,
				043A6B132983CFBB005DA6A2 /* Assets.xcassets in Resources */,
			);
			runOnlyForDeploymentPostprocessing = 0;
		};
		043A6B1A2983CFBC005DA6A2 /* Resources */ = {
			isa = PBXResourcesBuildPhase;
			buildActionMask = 2147483647;
			files = (
			);
			runOnlyForDeploymentPostprocessing = 0;
		};
		043A6B242983CFBC005DA6A2 /* Resources */ = {
			isa = PBXResourcesBuildPhase;
			buildActionMask = 2147483647;
			files = (
			);
			runOnlyForDeploymentPostprocessing = 0;
		};
/* End PBXResourcesBuildPhase section */

/* Begin PBXSourcesBuildPhase section */
		043A6B072983CFB9005DA6A2 /* Sources */ = {
			isa = PBXSourcesBuildPhase;
			buildActionMask = 2147483647;
			files = (
				043A6B112983CFB9005DA6A2 /* ContentView.swift in Sources */,
				043A6B0F2983CFB9005DA6A2 /* GoferApp.swift in Sources */,
			);
			runOnlyForDeploymentPostprocessing = 0;
		};
		043A6B182983CFBC005DA6A2 /* Sources */ = {
			isa = PBXSourcesBuildPhase;
			buildActionMask = 2147483647;
			files = (
				043A6B212983CFBC005DA6A2 /* GoferTests.swift in Sources */,
			);
			runOnlyForDeploymentPostprocessing = 0;
		};
		043A6B222983CFBC005DA6A2 /* Sources */ = {
			isa = PBXSourcesBuildPhase;
			buildActionMask = 2147483647;
			files = (
				043A6B2D2983CFBC005DA6A2 /* GoferUITestsLaunchTests.swift in Sources */,
				043A6B2B2983CFBC005DA6A2 /* GoferUITests.swift in Sources */,
			);
			runOnlyForDeploymentPostprocessing = 0;
		};
/* End PBXSourcesBuildPhase section */

/* Begin PBXTargetDependency section */
		043A6B1E2983CFBC005DA6A2 /* PBXTargetDependency */ = {
			isa = PBXTargetDependency;
			target = 043A6B0A2983CFB9005DA6A2 /* Gofer */;
			targetProxy = 043A6B1D2983CFBC005DA6A2 /* PBXContainerItemProxy */;
		};
		043A6B282983CFBC005DA6A2 /* PBXTargetDependency */ = {
			isa = PBXTargetDependency;
			target = 043A6B0A2983CFB9005DA6A2 /* Gofer */;
			targetProxy = 043A6B272983CFBC005DA6A2 /* PBXContainerItemProxy */;
		};
/* End PBXTargetDependency section */

/* Begin XCBuildConfiguration section */
		043A6B2E2983CFBC005DA6A2 /* Debug */ = {
			isa = XCBuildConfiguration;
			buildSettings = {
				ALWAYS_SEARCH_USER_PATHS = NO;
				CLANG_ANALYZER_NONNULL = YES;
				CLANG_ANALYZER_NUMBER_OBJECT_CONVERSION = YES_AGGRESSIVE;
				CLANG_CXX_LANGUAGE_STANDARD = "gnu++20";
				CLANG_ENABLE_MODULES = YES;
				CLANG_ENABLE_OBJC_ARC = YES;
				CLANG_ENABLE_OBJC_WEAK = YES;
				CLANG_WARN_BLOCK_CAPTURE_AUTORELEASING = YES;
				CLANG_WARN_BOOL_CONVERSION = YES;
				CLANG_WARN_COMMA = YES;
				CLANG_WARN_CONSTANT_CONVERSION = YES;
				CLANG_WARN_DEPRECATED_OBJC_IMPLEMENTATIONS = YES;
				CLANG_WARN_DIRECT_OBJC_ISA_USAGE = YES_ERROR;
				CLANG_WARN_DOCUMENTATION_COMMENTS = YES;
				CLANG_WARN_EMPTY_BODY = YES;
				CLANG_WARN_ENUM_CONVERSION = YES;
				CLANG_WARN_INFINITE_RECURSION = YES;
				CLANG_WARN_INT_CONVERSION = YES;
				CLANG_WARN_NON_LITERAL_NULL_CONVERSION = YES;
				CLANG_WARN_OBJC_IMPLICIT_RETAIN_SELF = YES;
				CLANG_WARN_OBJC_LITERAL_CONVERSION = YES;
				CLANG_WARN_OBJC_ROOT_CLASS = YES_ERROR;
				CLANG_WARN_QUOTED_INCLUDE_IN_FRAMEWORK_HEADER = YES;
				CLANG_WARN_RANGE_LOOP_ANALYSIS = YES;
				CLANG_WARN_STRICT_PROTOTYPES = YES;
				CLANG_WARN_SUSPICIOUS_MOVE = YES;
				CLANG_WARN_UNGUARDED_AVAILABILITY = YES_AGGRESSIVE;
				CLANG_WARN_UNREACHABLE_CODE = YES;
				CLANG_WARN__DUPLICATE_METHOD_MATCH = YES;
				COPY_PHASE_STRIP = NO;
				DEBUG_INFORMATION_FORMAT = dwarf;
				ENABLE_STRICT_OBJC_MSGSEND = YES;
				ENABLE_TESTABILITY = YES;
				GCC_C_LANGUAGE_STANDARD = gnu11;
				GCC_DYNAMIC_NO_PIC = NO;
				GCC_NO_COMMON_BLOCKS = YES;
				GCC_OPTIMIZATION_LEVEL = 0;
				GCC_PREPROCESSOR_DEFINITIONS = (
					"DEBUG=1",
					"$(inherited)",
				);
				GCC_WARN_64_TO_32_BIT_CONVERSION = YES;
				GCC_WARN_ABOUT_RETURN_TYPE = YES_ERROR;
				GCC_WARN_UNDECLARED_SELECTOR = YES;
				GCC_WARN_UNINITIALIZED_AUTOS = YES_AGGRESSIVE;
				GCC_WARN_UNUSED_FUNCTION = YES;
				GCC_WARN_UNUSED_VARIABLE = YES;
				MTL_ENABLE_DEBUG_INFO = INCLUDE_SOURCE;
				MTL_FAST_MATH = YES;
				ONLY_ACTIVE_ARCH = YES;
				SWIFT_ACTIVE_COMPILATION_CONDITIONS = DEBUG;
				SWIFT_OPTIMIZATION_LEVEL = "-Onone";
			};
			name = Debug;
		};
		043A6B2F2983CFBC005DA6A2 /* Release */ = {
			isa = XCBuildConfiguration;
			buildSettings = {
				ALWAYS_SEARCH_USER_PATHS = NO;
				CLANG_ANALYZER_NONNULL = YES;
				CLANG_ANALYZER_NUMBER_OBJECT_CONVERSION = YES_AGGRESSIVE;
				CLANG_CXX_LANGUAGE_STANDARD = "gnu++20";
				CLANG_ENABLE_MODULES = YES;
				CLANG_ENABLE_OBJC_ARC = YES;
				CLANG_ENABLE_OBJC_WEAK = YES;
				CLANG_WARN_BLOCK_CAPTURE_AUTORELEASING = YES;
				CLANG_WARN_BOOL_CONVERSION = YES;
				CLANG_WARN_COMMA = YES;
				CLANG_WARN_CONSTANT_CONVERSION = YES;
				CLANG_WARN_DEPRECATED_OBJC_IMPLEMENTATIONS = YES;
				CLANG_WARN_DIRECT_OBJC_ISA_USAGE = YES_ERROR;
				CLANG_WARN_DOCUMENTATION_COMMENTS = YES;
				CLANG_WARN_EMPTY_BODY = YES;
				CLANG_WARN_ENUM_CONVERSION = YES;
				CLANG_WARN_INFINITE_RECURSION = YES;
				CLANG_WARN_INT_CONVERSION = YES;
				CLANG_WARN_NON_LITERAL_NULL_CONVERSION = YES;
				CLANG_WARN_OBJC_IMPLICIT_RETAIN_SELF = YES;
				CLANG_WARN_OBJC_LITERAL_CONVERSION = YES;
				CLANG_WARN_OBJC_ROOT_CLASS = YES_ERROR;
				CLANG_WARN_QUOTED_INCLUDE_IN_FRAMEWORK_HEADER = YES;
				CLANG_WARN_RANGE_LOOP_ANALYSIS = YES;
				CLANG_WARN_STRICT_PROTOTYPES = YES;
				CLANG_WARN_SUSPICIOUS_MOVE = YES;
				CLANG_WARN_UNGUARDED_AVAILABILITY = YES_AGGRESSIVE;
				CLANG_WARN_UNREACHABLE_CODE = YES;
				CLANG_WARN__DUPLICATE_METHOD_MATCH = YES;
				COPY_PHASE_STRIP = NO;
				DEBUG_INFORMATION_FORMAT = "dwarf-with-dsym";
				ENABLE_NS_ASSERTIONS = NO;
				ENABLE_STRICT_OBJC_MSGSEND = YES;
				GCC_C_LANGUAGE_STANDARD = gnu11;
				GCC_NO_COMMON_BLOCKS = YES;
				GCC_WARN_64_TO_32_BIT_CONVERSION = YES;
				GCC_WARN_ABOUT_RETURN_TYPE = YES_ERROR;
				GCC_WARN_UNDECLARED_SELECTOR = YES;
				GCC_WARN_UNINITIALIZED_AUTOS = YES_AGGRESSIVE;
				GCC_WARN_UNUSED_FUNCTION = YES;
				GCC_WARN_UNUSED_VARIABLE = YES;
				MTL_ENABLE_DEBUG_INFO = NO;
				MTL_FAST_MATH = YES;
				SWIFT_COMPILATION_MODE = wholemodule;
				SWIFT_OPTIMIZATION_LEVEL = "-O";
			};
			name = Release;
		};
		043A6B312983CFBC005DA6A2 /* Debug */ = {
			isa = XCBuildConfiguration;
			buildSettings = {
				ASSETCATALOG_COMPILER_APPICON_NAME = AppIcon;
				ASSETCATALOG_COMPILER_GLOBAL_ACCENT_COLOR_NAME = AccentColor;
				CODE_SIGN_ENTITLEMENTS = Gofer/Gofer.entitlements;
				CODE_SIGN_STYLE = Automatic;
				CURRENT_PROJECT_VERSION = 1;
				DEVELOPMENT_ASSET_PATHS = "\"Gofer/Preview Content\"";
				ENABLE_PREVIEWS = YES;
				GENERATE_INFOPLIST_FILE = YES;
				"INFOPLIST_KEY_UIApplicationSceneManifest_Generation[sdk=iphoneos*]" = YES;
				"INFOPLIST_KEY_UIApplicationSceneManifest_Generation[sdk=iphonesimulator*]" = YES;
				"INFOPLIST_KEY_UIApplicationSupportsIndirectInputEvents[sdk=iphoneos*]" = YES;
				"INFOPLIST_KEY_UIApplicationSupportsIndirectInputEvents[sdk=iphonesimulator*]" = YES;
				"INFOPLIST_KEY_UILaunchScreen_Generation[sdk=iphoneos*]" = YES;
				"INFOPLIST_KEY_UILaunchScreen_Generation[sdk=iphonesimulator*]" = YES;
				"INFOPLIST_KEY_UIStatusBarStyle[sdk=iphoneos*]" = UIStatusBarStyleDefault;
				"INFOPLIST_KEY_UIStatusBarStyle[sdk=iphonesimulator*]" = UIStatusBarStyleDefault;
				INFOPLIST_KEY_UISupportedInterfaceOrientations_iPad = "UIInterfaceOrientationPortrait UIInterfaceOrientationPortraitUpsideDown UIInterfaceOrientationLandscapeLeft UIInterfaceOrientationLandscapeRight";
				INFOPLIST_KEY_UISupportedInterfaceOrientations_iPhone = "UIInterfaceOrientationPortrait UIInterfaceOrientationLandscapeLeft UIInterfaceOrientationLandscapeRight";
				IPHONEOS_DEPLOYMENT_TARGET = 16.2;
				LD_RUNPATH_SEARCH_PATHS = "@executable_path/Frameworks";
				"LD_RUNPATH_SEARCH_PATHS[sdk=macosx*]" = "@executable_path/../Frameworks";
				MACOSX_DEPLOYMENT_TARGET = 13.1;
				MARKETING_VERSION = 1.0;
				PRODUCT_BUNDLE_IDENTIFIER = Gofer.Gofer;
				PRODUCT_NAME = "$(TARGET_NAME)";
				SDKROOT = auto;
				SUPPORTED_PLATFORMS = "iphoneos iphonesimulator macosx";
				SWIFT_EMIT_LOC_STRINGS = YES;
				SWIFT_VERSION = 5.0;
				TARGETED_DEVICE_FAMILY = "1,2";
			};
			name = Debug;
		};
		043A6B322983CFBC005DA6A2 /* Release */ = {
			isa = XCBuildConfiguration;
			buildSettings = {
				ASSETCATALOG_COMPILER_APPICON_NAME = AppIcon;
				ASSETCATALOG_COMPILER_GLOBAL_ACCENT_COLOR_NAME = AccentColor;
				CODE_SIGN_ENTITLEMENTS = Gofer/Gofer.entitlements;
				CODE_SIGN_STYLE = Automatic;
				CURRENT_PROJECT_VERSION = 1;
				DEVELOPMENT_ASSET_PATHS = "\"Gofer/Preview Content\"";
				ENABLE_PREVIEWS = YES;
				GENERATE_INFOPLIST_FILE = YES;
				"INFOPLIST_KEY_UIApplicationSceneManifest_Generation[sdk=iphoneos*]" = YES;
				"INFOPLIST_KEY_UIApplicationSceneManifest_Generation[sdk=iphonesimulator*]" = YES;
				"INFOPLIST_KEY_UIApplicationSupportsIndirectInputEvents[sdk=iphoneos*]" = YES;
				"INFOPLIST_KEY_UIApplicationSupportsIndirectInputEvents[sdk=iphonesimulator*]" = YES;
				"INFOPLIST_KEY_UILaunchScreen_Generation[sdk=iphoneos*]" = YES;
				"INFOPLIST_KEY_UILaunchScreen_Generation[sdk=iphonesimulator*]" = YES;
				"INFOPLIST_KEY_UIStatusBarStyle[sdk=iphoneos*]" = UIStatusBarStyleDefault;
				"INFOPLIST_KEY_UIStatusBarStyle[sdk=iphonesimulator*]" = UIStatusBarStyleDefault;
				INFOPLIST_KEY_UISupportedInterfaceOrientations_iPad = "UIInterfaceOrientationPortrait UIInterfaceOrientationPortraitUpsideDown UIInterfaceOrientationLandscapeLeft UIInterfaceOrientationLandscapeRight";
				INFOPLIST_KEY_UISupportedInterfaceOrientations_iPhone = "UIInterfaceOrientationPortrait UIInterfaceOrientationLandscapeLeft UIInterfaceOrientationLandscapeRight";
				IPHONEOS_DEPLOYMENT_TARGET = 16.2;
				LD_RUNPATH_SEARCH_PATHS = "@executable_path/Frameworks";
				"LD_RUNPATH_SEARCH_PATHS[sdk=macosx*]" = "@executable_path/../Frameworks";
				MACOSX_DEPLOYMENT_TARGET = 13.1;
				MARKETING_VERSION = 1.0;
				PRODUCT_BUNDLE_IDENTIFIER = Gofer.Gofer;
				PRODUCT_NAME = "$(TARGET_NAME)";
				SDKROOT = auto;
				SUPPORTED_PLATFORMS = "iphoneos iphonesimulator macosx";
				SWIFT_EMIT_LOC_STRINGS = YES;
				SWIFT_VERSION = 5.0;
				TARGETED_DEVICE_FAMILY = "1,2";
			};
			name = Release;
		};
		043A6B342983CFBC005DA6A2 /* Debug */ = {
			isa = XCBuildConfiguration;
			buildSettings = {
				ALWAYS_EMBED_SWIFT_STANDARD_LIBRARIES = YES;
				BUNDLE_LOADER = "$(TEST_HOST)";
				CODE_SIGN_STYLE = Automatic;
				CURRENT_PROJECT_VERSION = 1;
				GENERATE_INFOPLIST_FILE = YES;
				IPHONEOS_DEPLOYMENT_TARGET = 16.2;
				MACOSX_DEPLOYMENT_TARGET = 13.1;
				MARKETING_VERSION = 1.0;
				PRODUCT_BUNDLE_IDENTIFIER = Gofer.GoferTests;
				PRODUCT_NAME = "$(TARGET_NAME)";
				SDKROOT = auto;
				SUPPORTED_PLATFORMS = "iphoneos iphonesimulator macosx";
				SWIFT_EMIT_LOC_STRINGS = NO;
				SWIFT_VERSION = 5.0;
				TARGETED_DEVICE_FAMILY = "1,2";
				TEST_HOST = "$(BUILT_PRODUCTS_DIR)/Gofer.app/$(BUNDLE_EXECUTABLE_FOLDER_PATH)/Gofer";
			};
			name = Debug;
		};
		043A6B352983CFBC005DA6A2 /* Release */ = {
			isa = XCBuildConfiguration;
			buildSettings = {
				ALWAYS_EMBED_SWIFT_STANDARD_LIBRARIES = YES;
				BUNDLE_LOADER = "$(TEST_HOST)";
				CODE_SIGN_STYLE = Automatic;
				CURRENT_PROJECT_VERSION = 1;
				GENERATE_INFOPLIST_FILE = YES;
				IPHONEOS_DEPLOYMENT_TARGET = 16.2;
				MACOSX_DEPLOYMENT_TARGET = 13.1;
				MARKETING_VERSION = 1.0;
				PRODUCT_BUNDLE_IDENTIFIER = Gofer.GoferTests;
				PRODUCT_NAME = "$(TARGET_NAME)";
				SDKROOT = auto;
				SUPPORTED_PLATFORMS = "iphoneos iphonesimulator macosx";
				SWIFT_EMIT_LOC_STRINGS = NO;
				SWIFT_VERSION = 5.0;
				TARGETED_DEVICE_FAMILY = "1,2";
				TEST_HOST = "$(BUILT_PRODUCTS_DIR)/Gofer.app/$(BUNDLE_EXECUTABLE_FOLDER_PATH)/Gofer";
			};
			name = Release;
		};
		043A6B372983CFBC005DA6A2 /* Debug */ = {
			isa = XCBuildConfiguration;
			buildSettings = {
				ALWAYS_EMBED_SWIFT_STANDARD_LIBRARIES = YES;
				CODE_SIGN_STYLE = Automatic;
				CURRENT_PROJECT_VERSION = 1;
				GENERATE_INFOPLIST_FILE = YES;
				IPHONEOS_DEPLOYMENT_TARGET = 16.2;
				MACOSX_DEPLOYMENT_TARGET = 13.1;
				MARKETING_VERSION = 1.0;
				PRODUCT_BUNDLE_IDENTIFIER = Gofer.GoferUITests;
				PRODUCT_NAME = "$(TARGET_NAME)";
				SDKROOT = auto;
				SUPPORTED_PLATFORMS = "iphoneos iphonesimulator macosx";
				SWIFT_EMIT_LOC_STRINGS = NO;
				SWIFT_VERSION = 5.0;
				TARGETED_DEVICE_FAMILY = "1,2";
				TEST_TARGET_NAME = Gofer;
			};
			name = Debug;
		};
		043A6B382983CFBC005DA6A2 /* Release */ = {
			isa = XCBuildConfiguration;
			buildSettings = {
				ALWAYS_EMBED_SWIFT_STANDARD_LIBRARIES = YES;
				CODE_SIGN_STYLE = Automatic;
				CURRENT_PROJECT_VERSION = 1;
				GENERATE_INFOPLIST_FILE = YES;
				IPHONEOS_DEPLOYMENT_TARGET = 16.2;
				MACOSX_DEPLOYMENT_TARGET = 13.1;
				MARKETING_VERSION = 1.0;
				PRODUCT_BUNDLE_IDENTIFIER = Gofer.GoferUITests;
				PRODUCT_NAME = "$(TARGET_NAME)";
				SDKROOT = auto;
				SUPPORTED_PLATFORMS = "iphoneos iphonesimulator macosx";
				SWIFT_EMIT_LOC_STRINGS = NO;
				SWIFT_VERSION = 5.0;
				TARGETED_DEVICE_FAMILY = "1,2";
				TEST_TARGET_NAME = Gofer;
			};
			name = Release;
		};
/* End XCBuildConfiguration section */

/* Begin XCConfigurationList section */
		043A6B062983CFB9005DA6A2 /* Build configuration list for PBXProject "Gofer" */ = {
			isa = XCConfigurationList;
			buildConfigurations = (
				043A6B2E2983CFBC005DA6A2 /* Debug */,
				043A6B2F2983CFBC005DA6A2 /* Release */,
			);
			defaultConfigurationIsVisible = 0;
			defaultConfigurationName = Release;
		};
		043A6B302983CFBC005DA6A2 /* Build configuration list for PBXNativeTarget "Gofer" */ = {
			isa = XCConfigurationList;
			buildConfigurations = (
				043A6B312983CFBC005DA6A2 /* Debug */,
				043A6B322983CFBC005DA6A2 /* Release */,
			);
			defaultConfigurationIsVisible = 0;
			defaultConfigurationName = Release;
		};
		043A6B332983CFBC005DA6A2 /* Build configuration list for PBXNativeTarget "GoferTests" */ = {
			isa = XCConfigurationList;
			buildConfigurations = (
				043A6B342983CFBC005DA6A2 /* Debug */,
				043A6B352983CFBC005DA6A2 /* Release */,
			);
			defaultConfigurationIsVisible = 0;
			defaultConfigurationName = Release;
		};
		043A6B362983CFBC005DA6A2 /* Build configuration list for PBXNativeTarget "GoferUITests" */ = {
			isa = XCConfigurationList;
			buildConfigurations = (
				043A6B372983CFBC005DA6A2 /* Debug */,
				043A6B382983CFBC005DA6A2 /* Release */,
			);
			defaultConfigurationIsVisible = 0;
			defaultConfigurationName = Release;
		};
/* End XCConfigurationList section */
	};
	rootObject = 043A6B032983CFB9005DA6A2 /* Project object */;
}
